// !$*UTF8*$!
{
	archiveVersion = 1;
	classes = {
	};
	objectVersion = 46;
	objects = {

/* Begin PBXBuildFile section */
		0D7CB5AE2D17A0F07FB6D041 /* libPods-FuneralCall.a in Frameworks */ = {isa = PBXBuildFile; fileRef = 02686229D373F8D70E6FA4D8 /* libPods-FuneralCall.a */; };
		13B07FBC1A68108700A75B9A /* AppDelegate.m in Sources */ = {isa = PBXBuildFile; fileRef = 13B07FB01A68108700A75B9A /* AppDelegate.m */; };
		13B07FBF1A68108700A75B9A /* Images.xcassets in Resources */ = {isa = PBXBuildFile; fileRef = 13B07FB51A68108700A75B9A /* Images.xcassets */; };
		13B07FC11A68108700A75B9A /* main.m in Sources */ = {isa = PBXBuildFile; fileRef = 13B07FB71A68108700A75B9A /* main.m */; };
		2202CE1AC83D46DC91707D48 /* OpenSans-LightItalic.ttf in Resources */ = {isa = PBXBuildFile; fileRef = AB8A92129FFC4F988F94345F /* OpenSans-LightItalic.ttf */; };
		25F6D66CCA724246A3A6D588 /* OpenSans-Italic.ttf in Resources */ = {isa = PBXBuildFile; fileRef = 1C03272C5A984ADDAE73B16E /* OpenSans-Italic.ttf */; };
		280B7532001D4E58B9CB86B8 /* OpenSans-BoldItalic.ttf in Resources */ = {isa = PBXBuildFile; fileRef = 1614CC60BFD044959FD06AA4 /* OpenSans-BoldItalic.ttf */; };
		3FB7D1D438CE4EAC97909C57 /* OpenSans-Light.ttf in Resources */ = {isa = PBXBuildFile; fileRef = 397E78F9572241ACB9C02F39 /* OpenSans-Light.ttf */; };
		481F27F6F6E04F91B01F59E3 /* OpenSans-SemiBoldItalic.ttf in Resources */ = {isa = PBXBuildFile; fileRef = 8DC56A3111144807A36A83F8 /* OpenSans-SemiBoldItalic.ttf */; };
		4BCA13F1D3E8488AB9502FC0 /* OpenSans-Regular.ttf in Resources */ = {isa = PBXBuildFile; fileRef = B4D0420632994B8291BD870F /* OpenSans-Regular.ttf */; };
		6A42AB26C876401FBBD0D0D2 /* OpenSans-SemiBold.ttf in Resources */ = {isa = PBXBuildFile; fileRef = 152E10587F424C538D3BC9FA /* OpenSans-SemiBold.ttf */; };
		831000AC268C84E9000312AF /* criticalalert.caf in Resources */ = {isa = PBXBuildFile; fileRef = 8310009D268C84E9000312AF /* criticalalert.caf */; };
		831000AD268C84E9000312AF /* firstcall.caf in Resources */ = {isa = PBXBuildFile; fileRef = 8310009E268C84E9000312AF /* firstcall.caf */; };
		831000AE268C84E9000312AF /* incoming.caf in Resources */ = {isa = PBXBuildFile; fileRef = 8310009F268C84E9000312AF /* incoming.caf */; };
		831000AF268C84E9000312AF /* onelime.caf in Resources */ = {isa = PBXBuildFile; fileRef = 831000A0268C84E9000312AF /* onelime.caf */; };
		831000B0268C84E9000312AF /* notification.caf in Resources */ = {isa = PBXBuildFile; fileRef = 831000A1268C84E9000312AF /* notification.caf */; };
		831000B1268C84E9000312AF /* generalmessage2.caf in Resources */ = {isa = PBXBuildFile; fileRef = 831000A2268C84E9000312AF /* generalmessage2.caf */; };
		831000B2268C84E9000312AF /* generalmessage.caf in Resources */ = {isa = PBXBuildFile; fileRef = 831000A3268C84E9000312AF /* generalmessage.caf */; };
		831000B3268C84E9000312AF /* tone.caf in Resources */ = {isa = PBXBuildFile; fileRef = 831000A4268C84E9000312AF /* tone.caf */; };
		831000B4268C84E9000312AF /* redalert.caf in Resources */ = {isa = PBXBuildFile; fileRef = 831000A5268C84E9000312AF /* redalert.caf */; };
		831000B5268C84E9000312AF /* whistle.caf in Resources */ = {isa = PBXBuildFile; fileRef = 831000A6268C84E9000312AF /* whistle.caf */; };
		831000B6268C84E9000312AF /* aurora.caf in Resources */ = {isa = PBXBuildFile; fileRef = 831000A7268C84E9000312AF /* aurora.caf */; };
		831000B7268C84E9000312AF /* chord.caf in Resources */ = {isa = PBXBuildFile; fileRef = 831000A8268C84E9000312AF /* chord.caf */; };
		831000B8268C84E9000312AF /* coolnotification.caf in Resources */ = {isa = PBXBuildFile; fileRef = 831000A9268C84E9000312AF /* coolnotification.caf */; };
		831000B9268C84E9000312AF /* iphoneoriginal.caf in Resources */ = {isa = PBXBuildFile; fileRef = 831000AA268C84E9000312AF /* iphoneoriginal.caf */; };
		831000BA268C84E9000312AF /* circles.caf in Resources */ = {isa = PBXBuildFile; fileRef = 831000AB268C84E9000312AF /* circles.caf */; };
		83B6BBC5268B317E003276C3 /* GoogleService-Info.plist in Resources */ = {isa = PBXBuildFile; fileRef = 83B6BBC4268B317E003276C3 /* GoogleService-Info.plist */; };
		928AA733268CC7D400660050 /* LaunchScreen.storyboard in Resources */ = {isa = PBXBuildFile; fileRef = 928AA732268CC7D400660050 /* LaunchScreen.storyboard */; };
		9B750F3282B4473BA0402623 /* OpenSans-ExtraBoldItalic.ttf in Resources */ = {isa = PBXBuildFile; fileRef = 0EFAC22CDFB24555BBE85E96 /* OpenSans-ExtraBoldItalic.ttf */; };
		BC0C600806CD49F48F4869C9 /* OpenSans-ExtraBold.ttf in Resources */ = {isa = PBXBuildFile; fileRef = D30F409EF4E3460A8058A794 /* OpenSans-ExtraBold.ttf */; };
		BD1C67C1AC3D45B9A833FB7F /* OpenSans-Bold.ttf in Resources */ = {isa = PBXBuildFile; fileRef = 5AFA333829A24A9A8DB3AC62 /* OpenSans-Bold.ttf */; };
/* End PBXBuildFile section */

/* Begin PBXFileReference section */
		008F07F21AC5B25A0029DE68 /* main.jsbundle */ = {isa = PBXFileReference; fileEncoding = 4; lastKnownFileType = text; path = main.jsbundle; sourceTree = "<group>"; };
		02686229D373F8D70E6FA4D8 /* libPods-FuneralCall.a */ = {isa = PBXFileReference; explicitFileType = archive.ar; includeInIndex = 0; path = "libPods-FuneralCall.a"; sourceTree = BUILT_PRODUCTS_DIR; };
		0EFAC22CDFB24555BBE85E96 /* OpenSans-ExtraBoldItalic.ttf */ = {isa = PBXFileReference; explicitFileType = undefined; fileEncoding = 9; includeInIndex = 0; lastKnownFileType = unknown; name = "OpenSans-ExtraBoldItalic.ttf"; path = "../src/assets/fonts/OpenSans-ExtraBoldItalic.ttf"; sourceTree = "<group>"; };
		13B07F961A680F5B00A75B9A /* FuneralCall.app */ = {isa = PBXFileReference; explicitFileType = wrapper.application; includeInIndex = 0; path = FuneralCall.app; sourceTree = BUILT_PRODUCTS_DIR; };
		13B07FAF1A68108700A75B9A /* AppDelegate.h */ = {isa = PBXFileReference; fileEncoding = 4; lastKnownFileType = sourcecode.c.h; name = AppDelegate.h; path = FuneralCall/AppDelegate.h; sourceTree = "<group>"; };
		13B07FB01A68108700A75B9A /* AppDelegate.m */ = {isa = PBXFileReference; fileEncoding = 4; lastKnownFileType = sourcecode.c.objc; name = AppDelegate.m; path = FuneralCall/AppDelegate.m; sourceTree = "<group>"; };
		13B07FB51A68108700A75B9A /* Images.xcassets */ = {isa = PBXFileReference; lastKnownFileType = folder.assetcatalog; name = Images.xcassets; path = FuneralCall/Images.xcassets; sourceTree = "<group>"; };
		13B07FB61A68108700A75B9A /* Info.plist */ = {isa = PBXFileReference; fileEncoding = 4; lastKnownFileType = text.plist.xml; name = Info.plist; path = FuneralCall/Info.plist; sourceTree = "<group>"; };
		13B07FB71A68108700A75B9A /* main.m */ = {isa = PBXFileReference; fileEncoding = 4; lastKnownFileType = sourcecode.c.objc; name = main.m; path = FuneralCall/main.m; sourceTree = "<group>"; };
		152E10587F424C538D3BC9FA /* OpenSans-SemiBold.ttf */ = {isa = PBXFileReference; explicitFileType = undefined; fileEncoding = 9; includeInIndex = 0; lastKnownFileType = unknown; name = "OpenSans-SemiBold.ttf"; path = "../src/assets/fonts/OpenSans-SemiBold.ttf"; sourceTree = "<group>"; };
		1614CC60BFD044959FD06AA4 /* OpenSans-BoldItalic.ttf */ = {isa = PBXFileReference; explicitFileType = undefined; fileEncoding = 9; includeInIndex = 0; lastKnownFileType = unknown; name = "OpenSans-BoldItalic.ttf"; path = "../src/assets/fonts/OpenSans-BoldItalic.ttf"; sourceTree = "<group>"; };
		1860643CD99A4E578C3438D4 /* FontAwesome5_Regular.ttf */ = {isa = PBXFileReference; explicitFileType = undefined; fileEncoding = 9; includeInIndex = 0; lastKnownFileType = unknown; name = FontAwesome5_Regular.ttf; path = "../node_modules/react-native-vector-icons/Fonts/FontAwesome5_Regular.ttf"; sourceTree = "<group>"; };
		1B82EEF50A2D4791A307FC2A /* Entypo.ttf */ = {isa = PBXFileReference; explicitFileType = undefined; fileEncoding = 9; includeInIndex = 0; lastKnownFileType = unknown; name = Entypo.ttf; path = "../node_modules/react-native-vector-icons/Fonts/Entypo.ttf"; sourceTree = "<group>"; };
		1C03272C5A984ADDAE73B16E /* OpenSans-Italic.ttf */ = {isa = PBXFileReference; explicitFileType = undefined; fileEncoding = 9; includeInIndex = 0; lastKnownFileType = unknown; name = "OpenSans-Italic.ttf"; path = "../src/assets/fonts/OpenSans-Italic.ttf"; sourceTree = "<group>"; };
		26898EC5EF4149388142E6CD /* Fontisto.ttf */ = {isa = PBXFileReference; explicitFileType = undefined; fileEncoding = 9; includeInIndex = 0; lastKnownFileType = unknown; name = Fontisto.ttf; path = "../node_modules/react-native-vector-icons/Fonts/Fontisto.ttf"; sourceTree = "<group>"; };
		28A14FA2877FF5A3CA35D8B8 /* Pods-FuneralCall.debug.xcconfig */ = {isa = PBXFileReference; includeInIndex = 1; lastKnownFileType = text.xcconfig; name = "Pods-FuneralCall.debug.xcconfig"; path = "Target Support Files/Pods-FuneralCall/Pods-FuneralCall.debug.xcconfig"; sourceTree = "<group>"; };
		3022D355F5544B4FB9099687 /* Foundation.ttf */ = {isa = PBXFileReference; explicitFileType = undefined; fileEncoding = 9; includeInIndex = 0; lastKnownFileType = unknown; name = Foundation.ttf; path = "../node_modules/react-native-vector-icons/Fonts/Foundation.ttf"; sourceTree = "<group>"; };
		3235E429AE4946DEA715D6BE /* FontAwesome5_Solid.ttf */ = {isa = PBXFileReference; explicitFileType = undefined; fileEncoding = 9; includeInIndex = 0; lastKnownFileType = unknown; name = FontAwesome5_Solid.ttf; path = "../node_modules/react-native-vector-icons/Fonts/FontAwesome5_Solid.ttf"; sourceTree = "<group>"; };
		330B8A9EC7BF50E6FEA6AD37 /* Pods-FuneralCall.release.xcconfig */ = {isa = PBXFileReference; includeInIndex = 1; lastKnownFileType = text.xcconfig; name = "Pods-FuneralCall.release.xcconfig"; path = "Target Support Files/Pods-FuneralCall/Pods-FuneralCall.release.xcconfig"; sourceTree = "<group>"; };
		397E78F9572241ACB9C02F39 /* OpenSans-Light.ttf */ = {isa = PBXFileReference; explicitFileType = undefined; fileEncoding = 9; includeInIndex = 0; lastKnownFileType = unknown; name = "OpenSans-Light.ttf"; path = "../src/assets/fonts/OpenSans-Light.ttf"; sourceTree = "<group>"; };
		3C0645898FD149488F444588 /* SimpleLineIcons.ttf */ = {isa = PBXFileReference; explicitFileType = undefined; fileEncoding = 9; includeInIndex = 0; lastKnownFileType = unknown; name = SimpleLineIcons.ttf; path = "../node_modules/react-native-vector-icons/Fonts/SimpleLineIcons.ttf"; sourceTree = "<group>"; };
		3FD46798B35E4C1BA33C5BF5 /* AntDesign.ttf */ = {isa = PBXFileReference; explicitFileType = undefined; fileEncoding = 9; includeInIndex = 0; lastKnownFileType = unknown; name = AntDesign.ttf; path = "../node_modules/react-native-vector-icons/Fonts/AntDesign.ttf"; sourceTree = "<group>"; };
		42A6397FD77E4E2B8E33C1DD /* Octicons.ttf */ = {isa = PBXFileReference; explicitFileType = undefined; fileEncoding = 9; includeInIndex = 0; lastKnownFileType = unknown; name = Octicons.ttf; path = "../node_modules/react-native-vector-icons/Fonts/Octicons.ttf"; sourceTree = "<group>"; };
		5AFA333829A24A9A8DB3AC62 /* OpenSans-Bold.ttf */ = {isa = PBXFileReference; explicitFileType = undefined; fileEncoding = 9; includeInIndex = 0; lastKnownFileType = unknown; name = "OpenSans-Bold.ttf"; path = "../src/assets/fonts/OpenSans-Bold.ttf"; sourceTree = "<group>"; };
		68F39C328923456F8DF9E9EB /* Ionicons.ttf */ = {isa = PBXFileReference; explicitFileType = undefined; fileEncoding = 9; includeInIndex = 0; lastKnownFileType = unknown; name = Ionicons.ttf; path = "../node_modules/react-native-vector-icons/Fonts/Ionicons.ttf"; sourceTree = "<group>"; };
		811817DE6EEF44D883135681 /* MaterialIcons.ttf */ = {isa = PBXFileReference; explicitFileType = undefined; fileEncoding = 9; includeInIndex = 0; lastKnownFileType = unknown; name = MaterialIcons.ttf; path = "../node_modules/react-native-vector-icons/Fonts/MaterialIcons.ttf"; sourceTree = "<group>"; };
		82E828CF98854D3D8202609A /* MaterialCommunityIcons.ttf */ = {isa = PBXFileReference; explicitFileType = undefined; fileEncoding = 9; includeInIndex = 0; lastKnownFileType = unknown; name = MaterialCommunityIcons.ttf; path = "../node_modules/react-native-vector-icons/Fonts/MaterialCommunityIcons.ttf"; sourceTree = "<group>"; };
		8310009D268C84E9000312AF /* criticalalert.caf */ = {isa = PBXFileReference; lastKnownFileType = file; name = criticalalert.caf; path = FuneralCall/sounds/criticalalert.caf; sourceTree = "<group>"; };
		8310009E268C84E9000312AF /* firstcall.caf */ = {isa = PBXFileReference; lastKnownFileType = file; name = firstcall.caf; path = FuneralCall/sounds/firstcall.caf; sourceTree = "<group>"; };
		8310009F268C84E9000312AF /* incoming.caf */ = {isa = PBXFileReference; lastKnownFileType = file; name = incoming.caf; path = FuneralCall/sounds/incoming.caf; sourceTree = "<group>"; };
		831000A0268C84E9000312AF /* onelime.caf */ = {isa = PBXFileReference; lastKnownFileType = file; name = onelime.caf; path = FuneralCall/sounds/onelime.caf; sourceTree = "<group>"; };
		831000A1268C84E9000312AF /* notification.caf */ = {isa = PBXFileReference; lastKnownFileType = file; name = notification.caf; path = FuneralCall/sounds/notification.caf; sourceTree = "<group>"; };
		831000A2268C84E9000312AF /* generalmessage2.caf */ = {isa = PBXFileReference; lastKnownFileType = file; name = generalmessage2.caf; path = FuneralCall/sounds/generalmessage2.caf; sourceTree = "<group>"; };
		831000A3268C84E9000312AF /* generalmessage.caf */ = {isa = PBXFileReference; lastKnownFileType = file; name = generalmessage.caf; path = FuneralCall/sounds/generalmessage.caf; sourceTree = "<group>"; };
		831000A4268C84E9000312AF /* tone.caf */ = {isa = PBXFileReference; lastKnownFileType = file; name = tone.caf; path = FuneralCall/sounds/tone.caf; sourceTree = "<group>"; };
		831000A5268C84E9000312AF /* redalert.caf */ = {isa = PBXFileReference; lastKnownFileType = file; name = redalert.caf; path = FuneralCall/sounds/redalert.caf; sourceTree = "<group>"; };
		831000A6268C84E9000312AF /* whistle.caf */ = {isa = PBXFileReference; lastKnownFileType = file; name = whistle.caf; path = FuneralCall/sounds/whistle.caf; sourceTree = "<group>"; };
		831000A7268C84E9000312AF /* aurora.caf */ = {isa = PBXFileReference; lastKnownFileType = file; name = aurora.caf; path = FuneralCall/sounds/aurora.caf; sourceTree = "<group>"; };
		831000A8268C84E9000312AF /* chord.caf */ = {isa = PBXFileReference; lastKnownFileType = file; name = chord.caf; path = FuneralCall/sounds/chord.caf; sourceTree = "<group>"; };
		831000A9268C84E9000312AF /* coolnotification.caf */ = {isa = PBXFileReference; lastKnownFileType = file; name = coolnotification.caf; path = FuneralCall/sounds/coolnotification.caf; sourceTree = "<group>"; };
		831000AA268C84E9000312AF /* iphoneoriginal.caf */ = {isa = PBXFileReference; lastKnownFileType = file; name = iphoneoriginal.caf; path = FuneralCall/sounds/iphoneoriginal.caf; sourceTree = "<group>"; };
		831000AB268C84E9000312AF /* circles.caf */ = {isa = PBXFileReference; lastKnownFileType = file; name = circles.caf; path = FuneralCall/sounds/circles.caf; sourceTree = "<group>"; };
		8371CBEA268C7305001B0ECB /* FuneralCall.entitlements */ = {isa = PBXFileReference; lastKnownFileType = text.plist.entitlements; name = FuneralCall.entitlements; path = FuneralCall/FuneralCall.entitlements; sourceTree = "<group>"; };
		83B6BBC4268B317E003276C3 /* GoogleService-Info.plist */ = {isa = PBXFileReference; fileEncoding = 4; lastKnownFileType = text.plist.xml; path = "GoogleService-Info.plist"; sourceTree = "<group>"; };
		8DC56A3111144807A36A83F8 /* OpenSans-SemiBoldItalic.ttf */ = {isa = PBXFileReference; explicitFileType = undefined; fileEncoding = 9; includeInIndex = 0; lastKnownFileType = unknown; name = "OpenSans-SemiBoldItalic.ttf"; path = "../src/assets/fonts/OpenSans-SemiBoldItalic.ttf"; sourceTree = "<group>"; };
		928AA732268CC7D400660050 /* LaunchScreen.storyboard */ = {isa = PBXFileReference; fileEncoding = 4; lastKnownFileType = file.storyboard; name = LaunchScreen.storyboard; path = FuneralCall/LaunchScreen.storyboard; sourceTree = "<group>"; };
		A47E3BB8A9CD4E45BED5AF57 /* FontAwesome5_Brands.ttf */ = {isa = PBXFileReference; explicitFileType = undefined; fileEncoding = 9; includeInIndex = 0; lastKnownFileType = unknown; name = FontAwesome5_Brands.ttf; path = "../node_modules/react-native-vector-icons/Fonts/FontAwesome5_Brands.ttf"; sourceTree = "<group>"; };
		AB8A92129FFC4F988F94345F /* OpenSans-LightItalic.ttf */ = {isa = PBXFileReference; explicitFileType = undefined; fileEncoding = 9; includeInIndex = 0; lastKnownFileType = unknown; name = "OpenSans-LightItalic.ttf"; path = "../src/assets/fonts/OpenSans-LightItalic.ttf"; sourceTree = "<group>"; };
		B4D0420632994B8291BD870F /* OpenSans-Regular.ttf */ = {isa = PBXFileReference; explicitFileType = undefined; fileEncoding = 9; includeInIndex = 0; lastKnownFileType = unknown; name = "OpenSans-Regular.ttf"; path = "../src/assets/fonts/OpenSans-Regular.ttf"; sourceTree = "<group>"; };
		D30F409EF4E3460A8058A794 /* OpenSans-ExtraBold.ttf */ = {isa = PBXFileReference; explicitFileType = undefined; fileEncoding = 9; includeInIndex = 0; lastKnownFileType = unknown; name = "OpenSans-ExtraBold.ttf"; path = "../src/assets/fonts/OpenSans-ExtraBold.ttf"; sourceTree = "<group>"; };
		DEF108CCC7184905B0C641B5 /* EvilIcons.ttf */ = {isa = PBXFileReference; explicitFileType = undefined; fileEncoding = 9; includeInIndex = 0; lastKnownFileType = unknown; name = EvilIcons.ttf; path = "../node_modules/react-native-vector-icons/Fonts/EvilIcons.ttf"; sourceTree = "<group>"; };
		E41F7E3FC8E74CD0B3F6F32F /* Feather.ttf */ = {isa = PBXFileReference; explicitFileType = undefined; fileEncoding = 9; includeInIndex = 0; lastKnownFileType = unknown; name = Feather.ttf; path = "../node_modules/react-native-vector-icons/Fonts/Feather.ttf"; sourceTree = "<group>"; };
		ED297162215061F000B7C4FE /* JavaScriptCore.framework */ = {isa = PBXFileReference; lastKnownFileType = wrapper.framework; name = JavaScriptCore.framework; path = System/Library/Frameworks/JavaScriptCore.framework; sourceTree = SDKROOT; };
		ED2971642150620600B7C4FE /* JavaScriptCore.framework */ = {isa = PBXFileReference; lastKnownFileType = wrapper.framework; name = JavaScriptCore.framework; path = Platforms/AppleTVOS.platform/Developer/SDKs/AppleTVOS12.0.sdk/System/Library/Frameworks/JavaScriptCore.framework; sourceTree = DEVELOPER_DIR; };
		F46DA48B59E24FCE8D97BCB4 /* FontAwesome.ttf */ = {isa = PBXFileReference; explicitFileType = undefined; fileEncoding = 9; includeInIndex = 0; lastKnownFileType = unknown; name = FontAwesome.ttf; path = "../node_modules/react-native-vector-icons/Fonts/FontAwesome.ttf"; sourceTree = "<group>"; };
		F4A74BFC29B348A3A9EF66A4 /* Zocial.ttf */ = {isa = PBXFileReference; explicitFileType = undefined; fileEncoding = 9; includeInIndex = 0; lastKnownFileType = unknown; name = Zocial.ttf; path = "../node_modules/react-native-vector-icons/Fonts/Zocial.ttf"; sourceTree = "<group>"; };
/* End PBXFileReference section */

/* Begin PBXFrameworksBuildPhase section */
		13B07F8C1A680F5B00A75B9A /* Frameworks */ = {
			isa = PBXFrameworksBuildPhase;
			buildActionMask = 2147483647;
			files = (
				0D7CB5AE2D17A0F07FB6D041 /* libPods-FuneralCall.a in Frameworks */,
			);
			runOnlyForDeploymentPostprocessing = 0;
		};
/* End PBXFrameworksBuildPhase section */

/* Begin PBXGroup section */
		13B07FAE1A68108700A75B9A /* FuneralCall */ = {
			isa = PBXGroup;
			children = (
				13B07FAF1A68108700A75B9A /* AppDelegate.h */,
				13B07FB01A68108700A75B9A /* AppDelegate.m */,
				8371CBEA268C7305001B0ECB /* FuneralCall.entitlements */,
				83B6BBC4268B317E003276C3 /* GoogleService-Info.plist */,
				13B07FB51A68108700A75B9A /* Images.xcassets */,
				13B07FB61A68108700A75B9A /* Info.plist */,
				928AA732268CC7D400660050 /* LaunchScreen.storyboard */,
				008F07F21AC5B25A0029DE68 /* main.jsbundle */,
				13B07FB71A68108700A75B9A /* main.m */,
			);
			name = FuneralCall;
			sourceTree = "<group>";
		};
		2BC6802A95636913EC9F6A64 /* Pods */ = {
			isa = PBXGroup;
			children = (
				28A14FA2877FF5A3CA35D8B8 /* Pods-FuneralCall.debug.xcconfig */,
				330B8A9EC7BF50E6FEA6AD37 /* Pods-FuneralCall.release.xcconfig */,
			);
			path = Pods;
			sourceTree = "<group>";
		};
		2D16E6871FA4F8E400B85C8A /* Frameworks */ = {
			isa = PBXGroup;
			children = (
				ED297162215061F000B7C4FE /* JavaScriptCore.framework */,
				ED2971642150620600B7C4FE /* JavaScriptCore.framework */,
				02686229D373F8D70E6FA4D8 /* libPods-FuneralCall.a */,
			);
			name = Frameworks;
			sourceTree = "<group>";
		};
		832341AE1AAA6A7D00B99B32 /* Libraries */ = {
			isa = PBXGroup;
			children = (
			);
			name = Libraries;
			sourceTree = "<group>";
		};
		83CBB9F61A601CBA00E9B192 = {
			isa = PBXGroup;
			children = (
				13B07FAE1A68108700A75B9A /* FuneralCall */,
				832341AE1AAA6A7D00B99B32 /* Libraries */,
				83CBBA001A601CBA00E9B192 /* Products */,
				2D16E6871FA4F8E400B85C8A /* Frameworks */,
				2BC6802A95636913EC9F6A64 /* Pods */,
				ABFF67ADB1A14733AD524760 /* Resources */,
			);
			indentWidth = 2;
			sourceTree = "<group>";
			tabWidth = 2;
			usesTabs = 0;
		};
		83CBBA001A601CBA00E9B192 /* Products */ = {
			isa = PBXGroup;
			children = (
				13B07F961A680F5B00A75B9A /* FuneralCall.app */,
			);
			name = Products;
			sourceTree = "<group>";
		};
		ABFF67ADB1A14733AD524760 /* Resources */ = {
			isa = PBXGroup;
			children = (
				3FD46798B35E4C1BA33C5BF5 /* AntDesign.ttf */,
				831000A7268C84E9000312AF /* aurora.caf */,
				831000A8268C84E9000312AF /* chord.caf */,
				831000AB268C84E9000312AF /* circles.caf */,
				831000A9268C84E9000312AF /* coolnotification.caf */,
				8310009D268C84E9000312AF /* criticalalert.caf */,
				1B82EEF50A2D4791A307FC2A /* Entypo.ttf */,
				DEF108CCC7184905B0C641B5 /* EvilIcons.ttf */,
				E41F7E3FC8E74CD0B3F6F32F /* Feather.ttf */,
				8310009E268C84E9000312AF /* firstcall.caf */,
				F46DA48B59E24FCE8D97BCB4 /* FontAwesome.ttf */,
				A47E3BB8A9CD4E45BED5AF57 /* FontAwesome5_Brands.ttf */,
				1860643CD99A4E578C3438D4 /* FontAwesome5_Regular.ttf */,
				3235E429AE4946DEA715D6BE /* FontAwesome5_Solid.ttf */,
				26898EC5EF4149388142E6CD /* Fontisto.ttf */,
				3022D355F5544B4FB9099687 /* Foundation.ttf */,
				831000A3268C84E9000312AF /* generalmessage.caf */,
				831000A2268C84E9000312AF /* generalmessage2.caf */,
				8310009F268C84E9000312AF /* incoming.caf */,
				68F39C328923456F8DF9E9EB /* Ionicons.ttf */,
				831000AA268C84E9000312AF /* iphoneoriginal.caf */,
				82E828CF98854D3D8202609A /* MaterialCommunityIcons.ttf */,
				811817DE6EEF44D883135681 /* MaterialIcons.ttf */,
				831000A1268C84E9000312AF /* notification.caf */,
				42A6397FD77E4E2B8E33C1DD /* Octicons.ttf */,
				831000A0268C84E9000312AF /* onelime.caf */,
				5AFA333829A24A9A8DB3AC62 /* OpenSans-Bold.ttf */,
				1614CC60BFD044959FD06AA4 /* OpenSans-BoldItalic.ttf */,
				D30F409EF4E3460A8058A794 /* OpenSans-ExtraBold.ttf */,
				0EFAC22CDFB24555BBE85E96 /* OpenSans-ExtraBoldItalic.ttf */,
				1C03272C5A984ADDAE73B16E /* OpenSans-Italic.ttf */,
				397E78F9572241ACB9C02F39 /* OpenSans-Light.ttf */,
				AB8A92129FFC4F988F94345F /* OpenSans-LightItalic.ttf */,
				B4D0420632994B8291BD870F /* OpenSans-Regular.ttf */,
				152E10587F424C538D3BC9FA /* OpenSans-SemiBold.ttf */,
				8DC56A3111144807A36A83F8 /* OpenSans-SemiBoldItalic.ttf */,
				831000A5268C84E9000312AF /* redalert.caf */,
				3C0645898FD149488F444588 /* SimpleLineIcons.ttf */,
				831000A4268C84E9000312AF /* tone.caf */,
				831000A6268C84E9000312AF /* whistle.caf */,
				F4A74BFC29B348A3A9EF66A4 /* Zocial.ttf */,
			);
			name = Resources;
			sourceTree = "<group>";
		};
/* End PBXGroup section */

/* Begin PBXNativeTarget section */
		13B07F861A680F5B00A75B9A /* FuneralCall */ = {
			isa = PBXNativeTarget;
			buildConfigurationList = 13B07F931A680F5B00A75B9A /* Build configuration list for PBXNativeTarget "FuneralCall" */;
			buildPhases = (
				5B5380FDE967010F3D257CF0 /* [CP] Check Pods Manifest.lock */,
				FD10A7F022414F080027D42C /* Start Packager */,
				13B07F871A680F5B00A75B9A /* Sources */,
				13B07F8C1A680F5B00A75B9A /* Frameworks */,
				13B07F8E1A680F5B00A75B9A /* Resources */,
				00DD1BFF1BD5951E006B06BC /* Bundle React Native code and images */,
				500226B13D4006D7A5899215 /* [CP] Copy Pods Resources */,
				CAE448CC316229F415D5C165 /* [CP-User] [RNFB] Core Configuration */,
				61D2C3475563389BE2C1F471 /* [CP-User] [RNFB] Crashlytics Configuration */,
			);
			buildRules = (
			);
			dependencies = (
			);
			name = FuneralCall;
			productName = FuneralCall;
			productReference = 13B07F961A680F5B00A75B9A /* FuneralCall.app */;
			productType = "com.apple.product-type.application";
		};
/* End PBXNativeTarget section */

/* Begin PBXProject section */
		83CBB9F71A601CBA00E9B192 /* Project object */ = {
			isa = PBXProject;
			attributes = {
				LastUpgradeCheck = 1130;
				TargetAttributes = {
					13B07F861A680F5B00A75B9A = {
						DevelopmentTeam = EB8WKM9GKM;
						LastSwiftMigration = 1120;
					};
				};
			};
			buildConfigurationList = 83CBB9FA1A601CBA00E9B192 /* Build configuration list for PBXProject "FuneralCall" */;
			compatibilityVersion = "Xcode 3.2";
			developmentRegion = en;
			hasScannedForEncodings = 0;
			knownRegions = (
				en,
				Base,
			);
			mainGroup = 83CBB9F61A601CBA00E9B192;
			productRefGroup = 83CBBA001A601CBA00E9B192 /* Products */;
			projectDirPath = "";
			projectRoot = "";
			targets = (
				13B07F861A680F5B00A75B9A /* FuneralCall */,
			);
		};
/* End PBXProject section */

/* Begin PBXResourcesBuildPhase section */
		13B07F8E1A680F5B00A75B9A /* Resources */ = {
			isa = PBXResourcesBuildPhase;
			buildActionMask = 2147483647;
			files = (
				831000B3268C84E9000312AF /* tone.caf in Resources */,
				83B6BBC5268B317E003276C3 /* GoogleService-Info.plist in Resources */,
				13B07FBF1A68108700A75B9A /* Images.xcassets in Resources */,
				831000BA268C84E9000312AF /* circles.caf in Resources */,
				BD1C67C1AC3D45B9A833FB7F /* OpenSans-Bold.ttf in Resources */,
				831000AF268C84E9000312AF /* onelime.caf in Resources */,
				280B7532001D4E58B9CB86B8 /* OpenSans-BoldItalic.ttf in Resources */,
				831000B5268C84E9000312AF /* whistle.caf in Resources */,
				BC0C600806CD49F48F4869C9 /* OpenSans-ExtraBold.ttf in Resources */,
				9B750F3282B4473BA0402623 /* OpenSans-ExtraBoldItalic.ttf in Resources */,
				25F6D66CCA724246A3A6D588 /* OpenSans-Italic.ttf in Resources */,
				831000B2268C84E9000312AF /* generalmessage.caf in Resources */,
				831000B8268C84E9000312AF /* coolnotification.caf in Resources */,
				831000B4268C84E9000312AF /* redalert.caf in Resources */,
				831000B7268C84E9000312AF /* chord.caf in Resources */,
				831000AE268C84E9000312AF /* incoming.caf in Resources */,
				3FB7D1D438CE4EAC97909C57 /* OpenSans-Light.ttf in Resources */,
				2202CE1AC83D46DC91707D48 /* OpenSans-LightItalic.ttf in Resources */,
				831000AD268C84E9000312AF /* firstcall.caf in Resources */,
				4BCA13F1D3E8488AB9502FC0 /* OpenSans-Regular.ttf in Resources */,
				831000B1268C84E9000312AF /* generalmessage2.caf in Resources */,
				6A42AB26C876401FBBD0D0D2 /* OpenSans-SemiBold.ttf in Resources */,
				831000B6268C84E9000312AF /* aurora.caf in Resources */,
				831000B0268C84E9000312AF /* notification.caf in Resources */,
				831000AC268C84E9000312AF /* criticalalert.caf in Resources */,
				928AA733268CC7D400660050 /* LaunchScreen.storyboard in Resources */,
				831000B9268C84E9000312AF /* iphoneoriginal.caf in Resources */,
				481F27F6F6E04F91B01F59E3 /* OpenSans-SemiBoldItalic.ttf in Resources */,
			);
			runOnlyForDeploymentPostprocessing = 0;
		};
/* End PBXResourcesBuildPhase section */

/* Begin PBXShellScriptBuildPhase section */
		00DD1BFF1BD5951E006B06BC /* Bundle React Native code and images */ = {
			isa = PBXShellScriptBuildPhase;
			buildActionMask = 2147483647;
			files = (
			);
			inputPaths = (
			);
			name = "Bundle React Native code and images";
			outputPaths = (
			);
			runOnlyForDeploymentPostprocessing = 0;
			shellPath = /bin/sh;
			shellScript = "export NODE_BINARY=node\n../node_modules/react-native/scripts/react-native-xcode.sh";
		};
		500226B13D4006D7A5899215 /* [CP] Copy Pods Resources */ = {
			isa = PBXShellScriptBuildPhase;
			buildActionMask = 2147483647;
			files = (
			);
			inputPaths = (
				"${PODS_ROOT}/Target Support Files/Pods-FuneralCall/Pods-FuneralCall-resources.sh",
				"${PODS_ROOT}/../../node_modules/react-native-vector-icons/Fonts/AntDesign.ttf",
				"${PODS_ROOT}/../../node_modules/react-native-vector-icons/Fonts/Entypo.ttf",
				"${PODS_ROOT}/../../node_modules/react-native-vector-icons/Fonts/EvilIcons.ttf",
				"${PODS_ROOT}/../../node_modules/react-native-vector-icons/Fonts/Feather.ttf",
				"${PODS_ROOT}/../../node_modules/react-native-vector-icons/Fonts/FontAwesome.ttf",
				"${PODS_ROOT}/../../node_modules/react-native-vector-icons/Fonts/FontAwesome5_Brands.ttf",
				"${PODS_ROOT}/../../node_modules/react-native-vector-icons/Fonts/FontAwesome5_Regular.ttf",
				"${PODS_ROOT}/../../node_modules/react-native-vector-icons/Fonts/FontAwesome5_Solid.ttf",
				"${PODS_ROOT}/../../node_modules/react-native-vector-icons/Fonts/Fontisto.ttf",
				"${PODS_ROOT}/../../node_modules/react-native-vector-icons/Fonts/Foundation.ttf",
				"${PODS_ROOT}/../../node_modules/react-native-vector-icons/Fonts/Ionicons.ttf",
				"${PODS_ROOT}/../../node_modules/react-native-vector-icons/Fonts/MaterialCommunityIcons.ttf",
				"${PODS_ROOT}/../../node_modules/react-native-vector-icons/Fonts/MaterialIcons.ttf",
				"${PODS_ROOT}/../../node_modules/react-native-vector-icons/Fonts/Octicons.ttf",
				"${PODS_ROOT}/../../node_modules/react-native-vector-icons/Fonts/SimpleLineIcons.ttf",
				"${PODS_ROOT}/../../node_modules/react-native-vector-icons/Fonts/Zocial.ttf",
				"${PODS_CONFIGURATION_BUILD_DIR}/React-Core/AccessibilityResources.bundle",
			);
			name = "[CP] Copy Pods Resources";
			outputPaths = (
				"${TARGET_BUILD_DIR}/${UNLOCALIZED_RESOURCES_FOLDER_PATH}/AntDesign.ttf",
				"${TARGET_BUILD_DIR}/${UNLOCALIZED_RESOURCES_FOLDER_PATH}/Entypo.ttf",
				"${TARGET_BUILD_DIR}/${UNLOCALIZED_RESOURCES_FOLDER_PATH}/EvilIcons.ttf",
				"${TARGET_BUILD_DIR}/${UNLOCALIZED_RESOURCES_FOLDER_PATH}/Feather.ttf",
				"${TARGET_BUILD_DIR}/${UNLOCALIZED_RESOURCES_FOLDER_PATH}/FontAwesome.ttf",
				"${TARGET_BUILD_DIR}/${UNLOCALIZED_RESOURCES_FOLDER_PATH}/FontAwesome5_Brands.ttf",
				"${TARGET_BUILD_DIR}/${UNLOCALIZED_RESOURCES_FOLDER_PATH}/FontAwesome5_Regular.ttf",
				"${TARGET_BUILD_DIR}/${UNLOCALIZED_RESOURCES_FOLDER_PATH}/FontAwesome5_Solid.ttf",
				"${TARGET_BUILD_DIR}/${UNLOCALIZED_RESOURCES_FOLDER_PATH}/Fontisto.ttf",
				"${TARGET_BUILD_DIR}/${UNLOCALIZED_RESOURCES_FOLDER_PATH}/Foundation.ttf",
				"${TARGET_BUILD_DIR}/${UNLOCALIZED_RESOURCES_FOLDER_PATH}/Ionicons.ttf",
				"${TARGET_BUILD_DIR}/${UNLOCALIZED_RESOURCES_FOLDER_PATH}/MaterialCommunityIcons.ttf",
				"${TARGET_BUILD_DIR}/${UNLOCALIZED_RESOURCES_FOLDER_PATH}/MaterialIcons.ttf",
				"${TARGET_BUILD_DIR}/${UNLOCALIZED_RESOURCES_FOLDER_PATH}/Octicons.ttf",
				"${TARGET_BUILD_DIR}/${UNLOCALIZED_RESOURCES_FOLDER_PATH}/SimpleLineIcons.ttf",
				"${TARGET_BUILD_DIR}/${UNLOCALIZED_RESOURCES_FOLDER_PATH}/Zocial.ttf",
				"${TARGET_BUILD_DIR}/${UNLOCALIZED_RESOURCES_FOLDER_PATH}/AccessibilityResources.bundle",
			);
			runOnlyForDeploymentPostprocessing = 0;
			shellPath = /bin/sh;
			shellScript = "\"${PODS_ROOT}/Target Support Files/Pods-FuneralCall/Pods-FuneralCall-resources.sh\"\n";
			showEnvVarsInLog = 0;
		};
		5B5380FDE967010F3D257CF0 /* [CP] Check Pods Manifest.lock */ = {
			isa = PBXShellScriptBuildPhase;
			buildActionMask = 2147483647;
			files = (
			);
			inputFileListPaths = (
			);
			inputPaths = (
				"${PODS_PODFILE_DIR_PATH}/Podfile.lock",
				"${PODS_ROOT}/Manifest.lock",
			);
			name = "[CP] Check Pods Manifest.lock";
			outputFileListPaths = (
			);
			outputPaths = (
				"$(DERIVED_FILE_DIR)/Pods-FuneralCall-checkManifestLockResult.txt",
			);
			runOnlyForDeploymentPostprocessing = 0;
			shellPath = /bin/sh;
			shellScript = "diff \"${PODS_PODFILE_DIR_PATH}/Podfile.lock\" \"${PODS_ROOT}/Manifest.lock\" > /dev/null\nif [ $? != 0 ] ; then\n    # print error to STDERR\n    echo \"error: The sandbox is not in sync with the Podfile.lock. Run 'pod install' or update your CocoaPods installation.\" >&2\n    exit 1\nfi\n# This output is used by Xcode 'outputs' to avoid re-running this script phase.\necho \"SUCCESS\" > \"${SCRIPT_OUTPUT_FILE_0}\"\n";
			showEnvVarsInLog = 0;
		};
		61D2C3475563389BE2C1F471 /* [CP-User] [RNFB] Crashlytics Configuration */ = {
			isa = PBXShellScriptBuildPhase;
			buildActionMask = 2147483647;
			files = (
			);
			inputPaths = (
				"${DWARF_DSYM_FOLDER_PATH}/${DWARF_DSYM_FILE_NAME}/Contents/Resources/DWARF/${TARGET_NAME}",
				"$(SRCROOT)/$(BUILT_PRODUCTS_DIR)/$(INFOPLIST_PATH)",
			);
			name = "[CP-User] [RNFB] Crashlytics Configuration";
			runOnlyForDeploymentPostprocessing = 0;
			shellPath = /bin/sh;
			shellScript = "#!/usr/bin/env bash\n#\n# Copyright (c) 2016-present Invertase Limited & Contributors\n#\n# Licensed under the Apache License, Version 2.0 (the \"License\");\n# you may not use this library except in compliance with the License.\n# You may obtain a copy of the License at\n#\n#   http://www.apache.org/licenses/LICENSE-2.0\n#\n# Unless required by applicable law or agreed to in writing, software\n# distributed under the License is distributed on an \"AS IS\" BASIS,\n# WITHOUT WARRANTIES OR CONDITIONS OF ANY KIND, either express or implied.\n# See the License for the specific language governing permissions and\n# limitations under the License.\n#\nset -e\n\nif [[ ${PODS_ROOT} ]]; then\n  echo \"info: Exec FirebaseCrashlytics Run from Pods\"\n  \"${PODS_ROOT}/FirebaseCrashlytics/run\"\nelse\n  echo \"info: Exec FirebaseCrashlytics Run from framework\"\n  \"${PROJECT_DIR}/FirebaseCrashlytics.framework/run\"\nfi\n";
		};
		CAE448CC316229F415D5C165 /* [CP-User] [RNFB] Core Configuration */ = {
			isa = PBXShellScriptBuildPhase;
			buildActionMask = 2147483647;
			files = (
			);
			inputPaths = (
				"$(SRCROOT)/$(BUILT_PRODUCTS_DIR)/$(INFOPLIST_PATH)",
			);
			name = "[CP-User] [RNFB] Core Configuration";
			runOnlyForDeploymentPostprocessing = 0;
			shellPath = /bin/sh;
			shellScript = "#!/usr/bin/env bash\n#\n# Copyright (c) 2016-present Invertase Limited & Contributors\n#\n# Licensed under the Apache License, Version 2.0 (the \"License\");\n# you may not use this library except in compliance with the License.\n# You may obtain a copy of the License at\n#\n#   http://www.apache.org/licenses/LICENSE-2.0\n#\n# Unless required by applicable law or agreed to in writing, software\n# distributed under the License is distributed on an \"AS IS\" BASIS,\n# WITHOUT WARRANTIES OR CONDITIONS OF ANY KIND, either express or implied.\n# See the License for the specific language governing permissions and\n# limitations under the License.\n#\nset -e\n\n_MAX_LOOKUPS=2;\n_SEARCH_RESULT=''\n_RN_ROOT_EXISTS=''\n_CURRENT_LOOKUPS=1\n_JSON_ROOT=\"'react-native'\"\n_JSON_FILE_NAME='firebase.json'\n_JSON_OUTPUT_BASE64='e30=' # { }\n_CURRENT_SEARCH_DIR=${PROJECT_DIR}\n_PLIST_BUDDY=/usr/libexec/PlistBuddy\n_TARGET_PLIST=\"${BUILT_PRODUCTS_DIR}/${INFOPLIST_PATH}\"\n_DSYM_PLIST=\"${DWARF_DSYM_FOLDER_PATH}/${DWARF_DSYM_FILE_NAME}/Contents/Info.plist\"\n\n# plist arrays\n_PLIST_ENTRY_KEYS=()\n_PLIST_ENTRY_TYPES=()\n_PLIST_ENTRY_VALUES=()\n\nfunction setPlistValue {\n  echo \"info:      setting plist entry '$1' of type '$2' in file '$4'\"\n  ${_PLIST_BUDDY} -c \"Add :$1 $2 '$3'\" $4 || echo \"info:      '$1' already exists\"\n}\n\nfunction getFirebaseJsonKeyValue () {\n  if [[ ${_RN_ROOT_EXISTS} ]]; then\n    ruby -e \"require 'rubygems';require 'json'; output=JSON.parse('$1'); puts output[$_JSON_ROOT]['$2']\"\n  else\n    echo \"\"\n  fi;\n}\n\nfunction jsonBoolToYesNo () {\n  if [[ $1 == \"false\" ]]; then\n    echo \"NO\"\n  elif [[ $1 == \"true\" ]]; then\n    echo \"YES\"\n  else echo \"NO\"\n  fi\n}\n\necho \"info: -> RNFB build script started\"\necho \"info: 1) Locating ${_JSON_FILE_NAME} file:\"\n\nif [[ -z ${_CURRENT_SEARCH_DIR} ]]; then\n  _CURRENT_SEARCH_DIR=$(pwd)\nfi;\n\nwhile true; do\n  _CURRENT_SEARCH_DIR=$(dirname \"$_CURRENT_SEARCH_DIR\")\n  if [[ \"$_CURRENT_SEARCH_DIR\" == \"/\" ]] || [[ ${_CURRENT_LOOKUPS} -gt ${_MAX_LOOKUPS} ]]; then break; fi;\n  echo \"info:      ($_CURRENT_LOOKUPS of $_MAX_LOOKUPS) Searching in '$_CURRENT_SEARCH_DIR' for a ${_JSON_FILE_NAME} file.\"\n  _SEARCH_RESULT=$(find \"$_CURRENT_SEARCH_DIR\" -maxdepth 2 -name ${_JSON_FILE_NAME} -print | head -n 1)\n  if [[ ${_SEARCH_RESULT} ]]; then\n    echo \"info:      ${_JSON_FILE_NAME} found at $_SEARCH_RESULT\"\n    break;\n  fi;\n  _CURRENT_LOOKUPS=$((_CURRENT_LOOKUPS+1))\ndone\n\nif [[ ${_SEARCH_RESULT} ]]; then\n  _JSON_OUTPUT_RAW=$(cat \"${_SEARCH_RESULT}\")\n  _RN_ROOT_EXISTS=$(ruby -e \"require 'rubygems';require 'json'; output=JSON.parse('$_JSON_OUTPUT_RAW'); puts output[$_JSON_ROOT]\" || echo '')\n\n  if [[ ${_RN_ROOT_EXISTS} ]]; then\n    _JSON_OUTPUT_BASE64=$(python -c 'import json,sys,base64;print(base64.b64encode(json.dumps(json.loads(open('\"'${_SEARCH_RESULT}'\"').read())['${_JSON_ROOT}'])))' || echo \"e30=\")\n  fi\n\n  _PLIST_ENTRY_KEYS+=(\"firebase_json_raw\")\n  _PLIST_ENTRY_TYPES+=(\"string\")\n  _PLIST_ENTRY_VALUES+=(\"$_JSON_OUTPUT_BASE64\")\n\n  # config.analytics_auto_collection_enabled\n  _ANALYTICS_AUTO_COLLECTION=$(getFirebaseJsonKeyValue \"$_JSON_OUTPUT_RAW\" \"analytics_auto_collection_enabled\")\n  if [[ $_ANALYTICS_AUTO_COLLECTION ]]; then\n    _PLIST_ENTRY_KEYS+=(\"FIREBASE_ANALYTICS_COLLECTION_ENABLED\")\n    _PLIST_ENTRY_TYPES+=(\"bool\")\n    _PLIST_ENTRY_VALUES+=(\"$(jsonBoolToYesNo \"$_ANALYTICS_AUTO_COLLECTION\")\")\n  fi\n\n  # config.perf_auto_collection_enabled\n  _PERF_AUTO_COLLECTION=$(getFirebaseJsonKeyValue \"$_JSON_OUTPUT_RAW\" \"perf_auto_collection_enabled\")\n  if [[ $_PERF_AUTO_COLLECTION ]]; then\n    _PLIST_ENTRY_KEYS+=(\"firebase_performance_collection_enabled\")\n    _PLIST_ENTRY_TYPES+=(\"bool\")\n    _PLIST_ENTRY_VALUES+=(\"$(jsonBoolToYesNo \"$_PERF_AUTO_COLLECTION\")\")\n  fi\n\n  # config.messaging_auto_init_enabled\n  _MESSAGING_AUTO_INIT=$(getFirebaseJsonKeyValue \"$_JSON_OUTPUT_RAW\" \"messaging_auto_init_enabled\")\n  if [[ $_MESSAGING_AUTO_INIT ]]; then\n    _PLIST_ENTRY_KEYS+=(\"FirebaseMessagingAutoInitEnabled\")\n    _PLIST_ENTRY_TYPES+=(\"bool\")\n    _PLIST_ENTRY_VALUES+=(\"$(jsonBoolToYesNo \"$_MESSAGING_AUTO_INIT\")\")\n  fi\n\n  # config.crashlytics_disable_auto_disabler - undocumented for now - mainly for debugging, document if becomes useful\n  _CRASHLYTICS_AUTO_DISABLE_ENABLED=$(getFirebaseJsonKeyValue \"$_JSON_OUTPUT_RAW\" \"crashlytics_disable_auto_disabler\")\n  if [[ $_CRASHLYTICS_AUTO_DISABLE_ENABLED == \"true\" ]]; then\n    echo \"Disabled Crashlytics auto disabler.\" # do nothing\n  else\n    _PLIST_ENTRY_KEYS+=(\"FirebaseCrashlyticsCollectionEnabled\")\n    _PLIST_ENTRY_TYPES+=(\"bool\")\n    _PLIST_ENTRY_VALUES+=(\"NO\")\n  fi\nelse\n  _PLIST_ENTRY_KEYS+=(\"firebase_json_raw\")\n  _PLIST_ENTRY_TYPES+=(\"string\")\n  _PLIST_ENTRY_VALUES+=(\"$_JSON_OUTPUT_BASE64\")\n  echo \"warning:   A firebase.json file was not found, whilst this file is optional it is recommended to include it to configure firebase services in React Native Firebase.\"\nfi;\n\necho \"info: 2) Injecting Info.plist entries: \"\n\n# Log out the keys we're adding\nfor i in \"${!_PLIST_ENTRY_KEYS[@]}\"; do\n  echo \"    ->  $i) ${_PLIST_ENTRY_KEYS[$i]}\" \"${_PLIST_ENTRY_TYPES[$i]}\" \"${_PLIST_ENTRY_VALUES[$i]}\"\ndone\n\nfor plist in \"${_TARGET_PLIST}\" \"${_DSYM_PLIST}\" ; do\n  if [[ -f \"${plist}\" ]]; then\n\n    # paths with spaces break the call to setPlistValue. temporarily modify\n    # the shell internal field separator variable (IFS), which normally\n    # includes spaces, to consist only of line breaks\n    oldifs=$IFS\n    IFS=\"\n\"\n\n    for i in \"${!_PLIST_ENTRY_KEYS[@]}\"; do\n      setPlistValue \"${_PLIST_ENTRY_KEYS[$i]}\" \"${_PLIST_ENTRY_TYPES[$i]}\" \"${_PLIST_ENTRY_VALUES[$i]}\" \"${plist}\"\n    done\n\n    # restore the original internal field separator value\n    IFS=$oldifs\n  else\n    echo \"warning:   A Info.plist build output file was not found (${plist})\"\n  fi\ndone\n\necho \"info: <- RNFB build script finished\"\n";
		};
		FD10A7F022414F080027D42C /* Start Packager */ = {
			isa = PBXShellScriptBuildPhase;
			buildActionMask = 2147483647;
			files = (
			);
			inputFileListPaths = (
			);
			inputPaths = (
			);
			name = "Start Packager";
			outputFileListPaths = (
			);
			outputPaths = (
			);
			runOnlyForDeploymentPostprocessing = 0;
			shellPath = /bin/sh;
			shellScript = "export RCT_METRO_PORT=\"${RCT_METRO_PORT:=8081}\"\necho \"export RCT_METRO_PORT=${RCT_METRO_PORT}\" > \"${SRCROOT}/../node_modules/react-native/scripts/.packager.env\"\nif [ -z \"${RCT_NO_LAUNCH_PACKAGER+xxx}\" ] ; then\n  if nc -w 5 -z localhost ${RCT_METRO_PORT} ; then\n    if ! curl -s \"http://localhost:${RCT_METRO_PORT}/status\" | grep -q \"packager-status:running\" ; then\n      echo \"Port ${RCT_METRO_PORT} already in use, packager is either not running or not running correctly\"\n      exit 2\n    fi\n  else\n    open \"$SRCROOT/../node_modules/react-native/scripts/launchPackager.command\" || echo \"Can't start packager automatically\"\n  fi\nfi\n";
			showEnvVarsInLog = 0;
		};
/* End PBXShellScriptBuildPhase section */

/* Begin PBXSourcesBuildPhase section */
		13B07F871A680F5B00A75B9A /* Sources */ = {
			isa = PBXSourcesBuildPhase;
			buildActionMask = 2147483647;
			files = (
				13B07FBC1A68108700A75B9A /* AppDelegate.m in Sources */,
				13B07FC11A68108700A75B9A /* main.m in Sources */,
			);
			runOnlyForDeploymentPostprocessing = 0;
		};
/* End PBXSourcesBuildPhase section */

/* Begin XCBuildConfiguration section */
		13B07F941A680F5B00A75B9A /* Debug */ = {
			isa = XCBuildConfiguration;
			baseConfigurationReference = 28A14FA2877FF5A3CA35D8B8 /* Pods-FuneralCall.debug.xcconfig */;
			buildSettings = {
				ASSETCATALOG_COMPILER_APPICON_NAME = AppIcon;
				CLANG_ENABLE_MODULES = YES;
				CODE_SIGN_ENTITLEMENTS = FuneralCall/FuneralCall.entitlements;
				CURRENT_PROJECT_VERSION = 1;
				DEVELOPMENT_TEAM = EB8WKM9GKM;
				ENABLE_BITCODE = NO;
				INFOPLIST_FILE = FuneralCall/Info.plist;
				LD_RUNPATH_SEARCH_PATHS = "$(inherited) @executable_path/Frameworks";
				MARKETING_VERSION = 5.0.6;
				OTHER_LDFLAGS = (
					"$(inherited)",
					"-ObjC",
					"-lc++",
				);
				PRODUCT_BUNDLE_IDENTIFIER = com.omnienterprises.funeralcall;
				PRODUCT_NAME = FuneralCall;
				SWIFT_OPTIMIZATION_LEVEL = "-Onone";
				SWIFT_VERSION = 5.0;
				VERSIONING_SYSTEM = "apple-generic";
			};
			name = Debug;
		};
		13B07F951A680F5B00A75B9A /* Release */ = {
			isa = XCBuildConfiguration;
			baseConfigurationReference = 330B8A9EC7BF50E6FEA6AD37 /* Pods-FuneralCall.release.xcconfig */;
			buildSettings = {
				ASSETCATALOG_COMPILER_APPICON_NAME = AppIcon;
				CLANG_ENABLE_MODULES = YES;
				CODE_SIGN_ENTITLEMENTS = FuneralCall/FuneralCall.entitlements;
				CURRENT_PROJECT_VERSION = 1;
				DEVELOPMENT_TEAM = EB8WKM9GKM;
				INFOPLIST_FILE = FuneralCall/Info.plist;
				LD_RUNPATH_SEARCH_PATHS = "$(inherited) @executable_path/Frameworks";
				MARKETING_VERSION = 5.0.6;
				OTHER_LDFLAGS = (
					"$(inherited)",
					"-ObjC",
					"-lc++",
				);
				PRODUCT_BUNDLE_IDENTIFIER = com.omnienterprises.funeralcall;
				PRODUCT_NAME = FuneralCall;
				SWIFT_VERSION = 5.0;
				VERSIONING_SYSTEM = "apple-generic";
			};
			name = Release;
		};
		83CBBA201A601CBA00E9B192 /* Debug */ = {
			isa = XCBuildConfiguration;
			buildSettings = {
				ALWAYS_SEARCH_USER_PATHS = NO;
				CLANG_ANALYZER_LOCALIZABILITY_NONLOCALIZED = YES;
				CLANG_CXX_LANGUAGE_STANDARD = "gnu++0x";
				CLANG_CXX_LIBRARY = "libc++";
				CLANG_ENABLE_MODULES = YES;
				CLANG_ENABLE_OBJC_ARC = YES;
				CLANG_WARN_BLOCK_CAPTURE_AUTORELEASING = YES;
				CLANG_WARN_BOOL_CONVERSION = YES;
				CLANG_WARN_COMMA = YES;
				CLANG_WARN_CONSTANT_CONVERSION = YES;
				CLANG_WARN_DEPRECATED_OBJC_IMPLEMENTATIONS = YES;
				CLANG_WARN_DIRECT_OBJC_ISA_USAGE = YES_ERROR;
				CLANG_WARN_EMPTY_BODY = YES;
				CLANG_WARN_ENUM_CONVERSION = YES;
				CLANG_WARN_INFINITE_RECURSION = YES;
				CLANG_WARN_INT_CONVERSION = YES;
				CLANG_WARN_NON_LITERAL_NULL_CONVERSION = YES;
				CLANG_WARN_OBJC_IMPLICIT_RETAIN_SELF = YES;
				CLANG_WARN_OBJC_LITERAL_CONVERSION = YES;
				CLANG_WARN_OBJC_ROOT_CLASS = YES_ERROR;
				CLANG_WARN_RANGE_LOOP_ANALYSIS = YES;
				CLANG_WARN_STRICT_PROTOTYPES = YES;
				CLANG_WARN_SUSPICIOUS_MOVE = YES;
				CLANG_WARN_UNREACHABLE_CODE = YES;
				CLANG_WARN__DUPLICATE_METHOD_MATCH = YES;
				"CODE_SIGN_IDENTITY[sdk=iphoneos*]" = "iPhone Developer";
				COPY_PHASE_STRIP = NO;
				ENABLE_STRICT_OBJC_MSGSEND = YES;
				ENABLE_TESTABILITY = YES;
				GCC_C_LANGUAGE_STANDARD = gnu99;
				GCC_DYNAMIC_NO_PIC = NO;
				GCC_NO_COMMON_BLOCKS = YES;
				GCC_OPTIMIZATION_LEVEL = 0;
				GCC_PREPROCESSOR_DEFINITIONS = (
					"DEBUG=1",
					"$(inherited)",
				);
				GCC_SYMBOLS_PRIVATE_EXTERN = NO;
				GCC_WARN_64_TO_32_BIT_CONVERSION = YES;
				GCC_WARN_ABOUT_RETURN_TYPE = YES_ERROR;
				GCC_WARN_UNDECLARED_SELECTOR = YES;
				GCC_WARN_UNINITIALIZED_AUTOS = YES_AGGRESSIVE;
				GCC_WARN_UNUSED_FUNCTION = YES;
				GCC_WARN_UNUSED_VARIABLE = YES;
				IPHONEOS_DEPLOYMENT_TARGET = 11.0;
				LD_RUNPATH_SEARCH_PATHS = "/usr/lib/swift $(inherited)";
				LIBRARY_SEARCH_PATHS = (
					"\"$(TOOLCHAIN_DIR)/usr/lib/swift/$(PLATFORM_NAME)\"",
					"\"$(TOOLCHAIN_DIR)/usr/lib/swift-5.0/$(PLATFORM_NAME)\"",
					"\"$(inherited)\"",
				);
				MTL_ENABLE_DEBUG_INFO = YES;
				ONLY_ACTIVE_ARCH = YES;
				SDKROOT = iphoneos;
			};
			name = Debug;
		};
		83CBBA211A601CBA00E9B192 /* Release */ = {
			isa = XCBuildConfiguration;
			buildSettings = {
				ALWAYS_SEARCH_USER_PATHS = NO;
				CLANG_ANALYZER_LOCALIZABILITY_NONLOCALIZED = YES;
				CLANG_CXX_LANGUAGE_STANDARD = "gnu++0x";
				CLANG_CXX_LIBRARY = "libc++";
				CLANG_ENABLE_MODULES = YES;
				CLANG_ENABLE_OBJC_ARC = YES;
				CLANG_WARN_BLOCK_CAPTURE_AUTORELEASING = YES;
				CLANG_WARN_BOOL_CONVERSION = YES;
				CLANG_WARN_COMMA = YES;
				CLANG_WARN_CONSTANT_CONVERSION = YES;
				CLANG_WARN_DEPRECATED_OBJC_IMPLEMENTATIONS = YES;
				CLANG_WARN_DIRECT_OBJC_ISA_USAGE = YES_ERROR;
				CLANG_WARN_EMPTY_BODY = YES;
				CLANG_WARN_ENUM_CONVERSION = YES;
				CLANG_WARN_INFINITE_RECURSION = YES;
				CLANG_WARN_INT_CONVERSION = YES;
				CLANG_WARN_NON_LITERAL_NULL_CONVERSION = YES;
				CLANG_WARN_OBJC_IMPLICIT_RETAIN_SELF = YES;
				CLANG_WARN_OBJC_LITERAL_CONVERSION = YES;
				CLANG_WARN_OBJC_ROOT_CLASS = YES_ERROR;
				CLANG_WARN_RANGE_LOOP_ANALYSIS = YES;
				CLANG_WARN_STRICT_PROTOTYPES = YES;
				CLANG_WARN_SUSPICIOUS_MOVE = YES;
				CLANG_WARN_UNREACHABLE_CODE = YES;
				CLANG_WARN__DUPLICATE_METHOD_MATCH = YES;
				"CODE_SIGN_IDENTITY[sdk=iphoneos*]" = "iPhone Developer";
				COPY_PHASE_STRIP = YES;
				ENABLE_NS_ASSERTIONS = NO;
				ENABLE_STRICT_OBJC_MSGSEND = YES;
				GCC_C_LANGUAGE_STANDARD = gnu99;
				GCC_NO_COMMON_BLOCKS = YES;
				GCC_WARN_64_TO_32_BIT_CONVERSION = YES;
				GCC_WARN_ABOUT_RETURN_TYPE = YES_ERROR;
				GCC_WARN_UNDECLARED_SELECTOR = YES;
				GCC_WARN_UNINITIALIZED_AUTOS = YES_AGGRESSIVE;
				GCC_WARN_UNUSED_FUNCTION = YES;
				GCC_WARN_UNUSED_VARIABLE = YES;
				IPHONEOS_DEPLOYMENT_TARGET = 11.0;
				LD_RUNPATH_SEARCH_PATHS = "/usr/lib/swift $(inherited)";
				LIBRARY_SEARCH_PATHS = (
					"\"$(TOOLCHAIN_DIR)/usr/lib/swift/$(PLATFORM_NAME)\"",
					"\"$(TOOLCHAIN_DIR)/usr/lib/swift-5.0/$(PLATFORM_NAME)\"",
					"\"$(inherited)\"",
				);
				MTL_ENABLE_DEBUG_INFO = NO;
				SDKROOT = iphoneos;
				VALIDATE_PRODUCT = YES;
			};
			name = Release;
		};
/* End XCBuildConfiguration section */

/* Begin XCConfigurationList section */
		13B07F931A680F5B00A75B9A /* Build configuration list for PBXNativeTarget "FuneralCall" */ = {
			isa = XCConfigurationList;
			buildConfigurations = (
				13B07F941A680F5B00A75B9A /* Debug */,
				13B07F951A680F5B00A75B9A /* Release */,
			);
			defaultConfigurationIsVisible = 0;
			defaultConfigurationName = Release;
		};
		83CBB9FA1A601CBA00E9B192 /* Build configuration list for PBXProject "FuneralCall" */ = {
			isa = XCConfigurationList;
			buildConfigurations = (
				83CBBA201A601CBA00E9B192 /* Debug */,
				83CBBA211A601CBA00E9B192 /* Release */,
			);
			defaultConfigurationIsVisible = 0;
			defaultConfigurationName = Release;
		};
/* End XCConfigurationList section */
	};
	rootObject = 83CBB9F71A601CBA00E9B192 /* Project object */;
}
